
Microsoft Visual Studio Solution File, Format Version 12.00
# Visual Studio 15
VisualStudioVersion = 15.0.26124.0
MinimumVisualStudioVersion = 15.0.26124.0
Project("{FAE04EC0-301F-11D3-BF4B-00C04F79EFBC}") = "cs-netstandard", "cs-netstandard\cs-netstandard.csproj", "{7EDD4329-6C4B-4CDA-BE2F-6B2E104E04FD}"
EndProject
Project("{F2A71F9B-5D33-465A-A702-920D77279786}") = "fs-netframework", "fs-netframework\fs-netframework.fsproj", "{23188490-0B79-4308-8CA5-2AD89E96EB94}"
EndProject
Global
	GlobalSection(SolutionConfigurationPlatforms) = preSolution
		Debug|Any CPU = Debug|Any CPU
		Debug|x64 = Debug|x64
		Debug|x86 = Debug|x86
		Release|Any CPU = Release|Any CPU
		Release|x64 = Release|x64
		Release|x86 = Release|x86
	EndGlobalSection
	GlobalSection(SolutionProperties) = preSolution
		HideSolutionNode = FALSE
	EndGlobalSection
	GlobalSection(ProjectConfigurationPlatforms) = postSolution
		{7EDD4329-6C4B-4CDA-BE2F-6B2E104E04FD}.Debug|Any CPU.ActiveCfg = Debug|Any CPU
		{7EDD4329-6C4B-4CDA-BE2F-6B2E104E04FD}.Debug|Any CPU.Build.0 = Debug|Any CPU
		{7EDD4329-6C4B-4CDA-BE2F-6B2E104E04FD}.Debug|x64.ActiveCfg = Debug|x64
		{7EDD4329-6C4B-4CDA-BE2F-6B2E104E04FD}.Debug|x64.Build.0 = Debug|x64
		{7EDD4329-6C4B-4CDA-BE2F-6B2E104E04FD}.Debug|x86.ActiveCfg = Debug|x86
		{7EDD4329-6C4B-4CDA-BE2F-6B2E104E04FD}.Debug|x86.Build.0 = Debug|x86
		{7EDD4329-6C4B-4CDA-BE2F-6B2E104E04FD}.Release|Any CPU.ActiveCfg = Release|Any CPU
		{7EDD4329-6C4B-4CDA-BE2F-6B2E104E04FD}.Release|Any CPU.Build.0 = Release|Any CPU
		{7EDD4329-6C4B-4CDA-BE2F-6B2E104E04FD}.Release|x64.ActiveCfg = Release|x64
		{7EDD4329-6C4B-4CDA-BE2F-6B2E104E04FD}.Release|x64.Build.0 = Release|x64
		{7EDD4329-6C4B-4CDA-BE2F-6B2E104E04FD}.Release|x86.ActiveCfg = Release|x86
		{7EDD4329-6C4B-4CDA-BE2F-6B2E104E04FD}.Release|x86.Build.0 = Release|x86
		{23188490-0B79-4308-8CA5-2AD89E96EB94}.Debug|Any CPU.ActiveCfg = Debug|Any CPU
		{23188490-0B79-4308-8CA5-2AD89E96EB94}.Debug|Any CPU.Build.0 = Debug|Any CPU
		{23188490-0B79-4308-8CA5-2AD89E96EB94}.Debug|x64.ActiveCfg = Debug|x64
		{23188490-0B79-4308-8CA5-2AD89E96EB94}.Debug|x64.Build.0 = Debug|x64
		{23188490-0B79-4308-8CA5-2AD89E96EB94}.Debug|x86.ActiveCfg = Debug|x86
		{23188490-0B79-4308-8CA5-2AD89E96EB94}.Debug|x86.Build.0 = Debug|x86
		{23188490-0B79-4308-8CA5-2AD89E96EB94}.Release|Any CPU.ActiveCfg = Release|Any CPU
		{23188490-0B79-4308-8CA5-2AD89E96EB94}.Release|Any CPU.Build.0 = Release|Any CPU
		{23188490-0B79-4308-8CA5-2AD89E96EB94}.Release|x64.ActiveCfg = Release|x64
		{23188490-0B79-4308-8CA5-2AD89E96EB94}.Release|x64.Build.0 = Release|x64
		{23188490-0B79-4308-8CA5-2AD89E96EB94}.Release|x86.ActiveCfg = Release|x86
		{23188490-0B79-4308-8CA5-2AD89E96EB94}.Release|x86.Build.0 = Release|x86
	EndGlobalSection
EndGlobal
